
Microsoft Visual Studio Solution File, Format Version 12.00
# Visual Studio 2015
Project("{FAE04EC0-301F-11D3-BF4B-00C04F79EFBC}") = "MOBAClient", "MOBAClient.csproj", "{DA7759C7-DDC9-8BAB-8061-27CD5376BC34}"
EndProject
Project("{FAE04EC0-301F-11D3-BF4B-00C04F79EFBC}") = "MOBAClient.Editor", "MOBAClient.Editor.csproj", "{6E2EA25F-6902-9433-5CF1-F1E3FAB8597A}"
EndProject
Global
	GlobalSection(SolutionConfigurationPlatforms) = preSolution
		Debug|Any CPU = Debug|Any CPU
		Release|Any CPU = Release|Any CPU
	EndGlobalSection
	GlobalSection(ProjectConfigurationPlatforms) = postSolution
		{DA7759C7-DDC9-8BAB-8061-27CD5376BC34}.Debug|Any CPU.ActiveCfg = Debug|Any CPU
		{DA7759C7-DDC9-8BAB-8061-27CD5376BC34}.Debug|Any CPU.Build.0 = Debug|Any CPU
		{DA7759C7-DDC9-8BAB-8061-27CD5376BC34}.Release|Any CPU.ActiveCfg = Release|Any CPU
		{DA7759C7-DDC9-8BAB-8061-27CD5376BC34}.Release|Any CPU.Build.0 = Release|Any CPU
		{6E2EA25F-6902-9433-5CF1-F1E3FAB8597A}.Debug|Any CPU.ActiveCfg = Debug|Any CPU
		{6E2EA25F-6902-9433-5CF1-F1E3FAB8597A}.Debug|Any CPU.Build.0 = Debug|Any CPU
		{6E2EA25F-6902-9433-5CF1-F1E3FAB8597A}.Release|Any CPU.ActiveCfg = Release|Any CPU
		{6E2EA25F-6902-9433-5CF1-F1E3FAB8597A}.Release|Any CPU.Build.0 = Release|Any CPU
	EndGlobalSection
	GlobalSection(SolutionProperties) = preSolution
		HideSolutionNode = FALSE
	EndGlobalSection
EndGlobal
